// !$*UTF8*$!
{
	archiveVersion = 1;
	classes = {
	};
	objectVersion = 55;
	objects = {

/* Begin PBXBuildFile section */
		290F6ED427D7BC440091B91D /* AppDelegate.swift in Sources */ = {isa = PBXBuildFile; fileRef = 290F6ED327D7BC440091B91D /* AppDelegate.swift */; };
		290F6ED627D7BC440091B91D /* SceneDelegate.swift in Sources */ = {isa = PBXBuildFile; fileRef = 290F6ED527D7BC440091B91D /* SceneDelegate.swift */; };
		290F6ED827D7BC440091B91D /* ViewController.swift in Sources */ = {isa = PBXBuildFile; fileRef = 290F6ED727D7BC440091B91D /* ViewController.swift */; };
		290F6EDB27D7BC440091B91D /* Main.storyboard in Resources */ = {isa = PBXBuildFile; fileRef = 290F6ED927D7BC440091B91D /* Main.storyboard */; };
		290F6EDD27D7BC460091B91D /* Assets.xcassets in Resources */ = {isa = PBXBuildFile; fileRef = 290F6EDC27D7BC460091B91D /* Assets.xcassets */; };
		290F6EE027D7BC460091B91D /* LaunchScreen.storyboard in Resources */ = {isa = PBXBuildFile; fileRef = 290F6EDE27D7BC460091B91D /* LaunchScreen.storyboard */; };
		290F6EEB27D7BC460091B91D /* PixabayAppTests.swift in Sources */ = {isa = PBXBuildFile; fileRef = 290F6EEA27D7BC460091B91D /* PixabayAppTests.swift */; };
		290F6EF527D7BC460091B91D /* PixabayAppUITests.swift in Sources */ = {isa = PBXBuildFile; fileRef = 290F6EF427D7BC460091B91D /* PixabayAppUITests.swift */; };
		290F6EF727D7BC460091B91D /* PixabayAppUITestsLaunchTests.swift in Sources */ = {isa = PBXBuildFile; fileRef = 290F6EF627D7BC460091B91D /* PixabayAppUITestsLaunchTests.swift */; };
/* End PBXBuildFile section */

/* Begin PBXContainerItemProxy section */
		290F6EE727D7BC460091B91D /* PBXContainerItemProxy */ = {
			isa = PBXContainerItemProxy;
			containerPortal = 290F6EC827D7BC440091B91D /* Project object */;
			proxyType = 1;
			remoteGlobalIDString = 290F6ECF27D7BC440091B91D;
			remoteInfo = PixabayApp;
		};
		290F6EF127D7BC460091B91D /* PBXContainerItemProxy */ = {
			isa = PBXContainerItemProxy;
			containerPortal = 290F6EC827D7BC440091B91D /* Project object */;
			proxyType = 1;
			remoteGlobalIDString = 290F6ECF27D7BC440091B91D;
			remoteInfo = PixabayApp;
		};
/* End PBXContainerItemProxy section */

/* Begin PBXFileReference section */
		290F6ED027D7BC440091B91D /* PixabayApp.app */ = {isa = PBXFileReference; explicitFileType = wrapper.application; includeInIndex = 0; path = PixabayApp.app; sourceTree = BUILT_PRODUCTS_DIR; };
		290F6ED327D7BC440091B91D /* AppDelegate.swift */ = {isa = PBXFileReference; lastKnownFileType = sourcecode.swift; path = AppDelegate.swift; sourceTree = "<group>"; };
		290F6ED527D7BC440091B91D /* SceneDelegate.swift */ = {isa = PBXFileReference; lastKnownFileType = sourcecode.swift; path = SceneDelegate.swift; sourceTree = "<group>"; };
		290F6ED727D7BC440091B91D /* ViewController.swift */ = {isa = PBXFileReference; lastKnownFileType = sourcecode.swift; path = ViewController.swift; sourceTree = "<group>"; };
		290F6EDA27D7BC440091B91D /* Base */ = {isa = PBXFileReference; lastKnownFileType = file.storyboard; name = Base; path = Base.lproj/Main.storyboard; sourceTree = "<group>"; };
		290F6EDC27D7BC460091B91D /* Assets.xcassets */ = {isa = PBXFileReference; lastKnownFileType = folder.assetcatalog; path = Assets.xcassets; sourceTree = "<group>"; };
		290F6EDF27D7BC460091B91D /* Base */ = {isa = PBXFileReference; lastKnownFileType = file.storyboard; name = Base; path = Base.lproj/LaunchScreen.storyboard; sourceTree = "<group>"; };
		290F6EE127D7BC460091B91D /* Info.plist */ = {isa = PBXFileReference; lastKnownFileType = text.plist.xml; path = Info.plist; sourceTree = "<group>"; };
		290F6EE627D7BC460091B91D /* PixabayAppTests.xctest */ = {isa = PBXFileReference; explicitFileType = wrapper.cfbundle; includeInIndex = 0; path = PixabayAppTests.xctest; sourceTree = BUILT_PRODUCTS_DIR; };
		290F6EEA27D7BC460091B91D /* PixabayAppTests.swift */ = {isa = PBXFileReference; lastKnownFileType = sourcecode.swift; path = PixabayAppTests.swift; sourceTree = "<group>"; };
		290F6EF027D7BC460091B91D /* PixabayAppUITests.xctest */ = {isa = PBXFileReference; explicitFileType = wrapper.cfbundle; includeInIndex = 0; path = PixabayAppUITests.xctest; sourceTree = BUILT_PRODUCTS_DIR; };
		290F6EF427D7BC460091B91D /* PixabayAppUITests.swift */ = {isa = PBXFileReference; lastKnownFileType = sourcecode.swift; path = PixabayAppUITests.swift; sourceTree = "<group>"; };
		290F6EF627D7BC460091B91D /* PixabayAppUITestsLaunchTests.swift */ = {isa = PBXFileReference; lastKnownFileType = sourcecode.swift; path = PixabayAppUITestsLaunchTests.swift; sourceTree = "<group>"; };
/* End PBXFileReference section */

/* Begin PBXFrameworksBuildPhase section */
		290F6ECD27D7BC440091B91D /* Frameworks */ = {
			isa = PBXFrameworksBuildPhase;
			buildActionMask = 2147483647;
			files = (
			);
			runOnlyForDeploymentPostprocessing = 0;
		};
		290F6EE327D7BC460091B91D /* Frameworks */ = {
			isa = PBXFrameworksBuildPhase;
			buildActionMask = 2147483647;
			files = (
			);
			runOnlyForDeploymentPostprocessing = 0;
		};
		290F6EED27D7BC460091B91D /* Frameworks */ = {
			isa = PBXFrameworksBuildPhase;
			buildActionMask = 2147483647;
			files = (
			);
			runOnlyForDeploymentPostprocessing = 0;
		};
/* End PBXFrameworksBuildPhase section */

/* Begin PBXGroup section */
		290F6EC727D7BC440091B91D = {
			isa = PBXGroup;
			children = (
				290F6ED227D7BC440091B91D /* PixabayApp */,
				290F6EE927D7BC460091B91D /* PixabayAppTests */,
				290F6EF327D7BC460091B91D /* PixabayAppUITests */,
				290F6ED127D7BC440091B91D /* Products */,
			);
			sourceTree = "<group>";
		};
		290F6ED127D7BC440091B91D /* Products */ = {
			isa = PBXGroup;
			children = (
				290F6ED027D7BC440091B91D /* PixabayApp.app */,
				290F6EE627D7BC460091B91D /* PixabayAppTests.xctest */,
				290F6EF027D7BC460091B91D /* PixabayAppUITests.xctest */,
			);
			name = Products;
			sourceTree = "<group>";
		};
		290F6ED227D7BC440091B91D /* PixabayApp */ = {
			isa = PBXGroup;
			children = (
				290F6ED327D7BC440091B91D /* AppDelegate.swift */,
				290F6ED527D7BC440091B91D /* SceneDelegate.swift */,
				290F6ED727D7BC440091B91D /* ViewController.swift */,
				290F6ED927D7BC440091B91D /* Main.storyboard */,
				290F6EDC27D7BC460091B91D /* Assets.xcassets */,
				290F6EDE27D7BC460091B91D /* LaunchScreen.storyboard */,
				290F6EE127D7BC460091B91D /* Info.plist */,
			);
			path = PixabayApp;
			sourceTree = "<group>";
		};
		290F6EE927D7BC460091B91D /* PixabayAppTests */ = {
			isa = PBXGroup;
			children = (
				290F6EEA27D7BC460091B91D /* PixabayAppTests.swift */,
			);
			path = PixabayAppTests;
			sourceTree = "<group>";
		};
		290F6EF327D7BC460091B91D /* PixabayAppUITests */ = {
			isa = PBXGroup;
			children = (
				290F6EF427D7BC460091B91D /* PixabayAppUITests.swift */,
				290F6EF627D7BC460091B91D /* PixabayAppUITestsLaunchTests.swift */,
			);
			path = PixabayAppUITests;
			sourceTree = "<group>";
		};
/* End PBXGroup section */

/* Begin PBXNativeTarget section */
		290F6ECF27D7BC440091B91D /* PixabayApp */ = {
			isa = PBXNativeTarget;
			buildConfigurationList = 290F6EFA27D7BC460091B91D /* Build configuration list for PBXNativeTarget "PixabayApp" */;
			buildPhases = (
				290F6ECC27D7BC440091B91D /* Sources */,
				290F6ECD27D7BC440091B91D /* Frameworks */,
				290F6ECE27D7BC440091B91D /* Resources */,
			);
			buildRules = (
			);
			dependencies = (
			);
			name = PixabayApp;
			productName = PixabayApp;
			productReference = 290F6ED027D7BC440091B91D /* PixabayApp.app */;
			productType = "com.apple.product-type.application";
		};
		290F6EE527D7BC460091B91D /* PixabayAppTests */ = {
			isa = PBXNativeTarget;
			buildConfigurationList = 290F6EFD27D7BC460091B91D /* Build configuration list for PBXNativeTarget "PixabayAppTests" */;
			buildPhases = (
				290F6EE227D7BC460091B91D /* Sources */,
				290F6EE327D7BC460091B91D /* Frameworks */,
				290F6EE427D7BC460091B91D /* Resources */,
			);
			buildRules = (
			);
			dependencies = (
				290F6EE827D7BC460091B91D /* PBXTargetDependency */,
			);
			name = PixabayAppTests;
			productName = PixabayAppTests;
			productReference = 290F6EE627D7BC460091B91D /* PixabayAppTests.xctest */;
			productType = "com.apple.product-type.bundle.unit-test";
		};
		290F6EEF27D7BC460091B91D /* PixabayAppUITests */ = {
			isa = PBXNativeTarget;
			buildConfigurationList = 290F6F0027D7BC460091B91D /* Build configuration list for PBXNativeTarget "PixabayAppUITests" */;
			buildPhases = (
				290F6EEC27D7BC460091B91D /* Sources */,
				290F6EED27D7BC460091B91D /* Frameworks */,
				290F6EEE27D7BC460091B91D /* Resources */,
			);
			buildRules = (
			);
			dependencies = (
				290F6EF227D7BC460091B91D /* PBXTargetDependency */,
			);
			name = PixabayAppUITests;
			productName = PixabayAppUITests;
			productReference = 290F6EF027D7BC460091B91D /* PixabayAppUITests.xctest */;
			productType = "com.apple.product-type.bundle.ui-testing";
		};
/* End PBXNativeTarget section */

/* Begin PBXProject section */
		290F6EC827D7BC440091B91D /* Project object */ = {
			isa = PBXProject;
			attributes = {
				BuildIndependentTargetsInParallel = 1;
				LastSwiftUpdateCheck = 1320;
				LastUpgradeCheck = 1320;
				TargetAttributes = {
					290F6ECF27D7BC440091B91D = {
						CreatedOnToolsVersion = 13.2.1;
					};
					290F6EE527D7BC460091B91D = {
						CreatedOnToolsVersion = 13.2.1;
						TestTargetID = 290F6ECF27D7BC440091B91D;
					};
					290F6EEF27D7BC460091B91D = {
						CreatedOnToolsVersion = 13.2.1;
						TestTargetID = 290F6ECF27D7BC440091B91D;
					};
				};
			};
			buildConfigurationList = 290F6ECB27D7BC440091B91D /* Build configuration list for PBXProject "PixabayApp" */;
			compatibilityVersion = "Xcode 13.0";
			developmentRegion = en;
			hasScannedForEncodings = 0;
			knownRegions = (
				en,
				Base,
			);
			mainGroup = 290F6EC727D7BC440091B91D;
			productRefGroup = 290F6ED127D7BC440091B91D /* Products */;
			projectDirPath = "";
			projectRoot = "";
			targets = (
				290F6ECF27D7BC440091B91D /* PixabayApp */,
				290F6EE527D7BC460091B91D /* PixabayAppTests */,
				290F6EEF27D7BC460091B91D /* PixabayAppUITests */,
			);
		};
/* End PBXProject section */

/* Begin PBXResourcesBuildPhase section */
		290F6ECE27D7BC440091B91D /* Resources */ = {
			isa = PBXResourcesBuildPhase;
			buildActionMask = 2147483647;
			files = (
				290F6EE027D7BC460091B91D /* LaunchScreen.storyboard in Resources */,
				290F6EDD27D7BC460091B91D /* Assets.xcassets in Resources */,
				290F6EDB27D7BC440091B91D /* Main.storyboard in Resources */,
			);
			runOnlyForDeploymentPostprocessing = 0;
		};
		290F6EE427D7BC460091B91D /* Resources */ = {
			isa = PBXResourcesBuildPhase;
			buildActionMask = 2147483647;
			files = (
			);
			runOnlyForDeploymentPostprocessing = 0;
		};
		290F6EEE27D7BC460091B91D /* Resources */ = {
			isa = PBXResourcesBuildPhase;
			buildActionMask = 2147483647;
			files = (
			);
			runOnlyForDeploymentPostprocessing = 0;
		};
/* End PBXResourcesBuildPhase section */

/* Begin PBXSourcesBuildPhase section */
		290F6ECC27D7BC440091B91D /* Sources */ = {
			isa = PBXSourcesBuildPhase;
			buildActionMask = 2147483647;
			files = (
				290F6ED827D7BC440091B91D /* ViewController.swift in Sources */,
				290F6ED427D7BC440091B91D /* AppDelegate.swift in Sources */,
				290F6ED627D7BC440091B91D /* SceneDelegate.swift in Sources */,
			);
			runOnlyForDeploymentPostprocessing = 0;
		};
		290F6EE227D7BC460091B91D /* Sources */ = {
			isa = PBXSourcesBuildPhase;
			buildActionMask = 2147483647;
			files = (
				290F6EEB27D7BC460091B91D /* PixabayAppTests.swift in Sources */,
			);
			runOnlyForDeploymentPostprocessing = 0;
		};
		290F6EEC27D7BC460091B91D /* Sources */ = {
			isa = PBXSourcesBuildPhase;
			buildActionMask = 2147483647;
			files = (
				290F6EF527D7BC460091B91D /* PixabayAppUITests.swift in Sources */,
				290F6EF727D7BC460091B91D /* PixabayAppUITestsLaunchTests.swift in Sources */,
			);
			runOnlyForDeploymentPostprocessing = 0;
		};
/* End PBXSourcesBuildPhase section */

/* Begin PBXTargetDependency section */
		290F6EE827D7BC460091B91D /* PBXTargetDependency */ = {
			isa = PBXTargetDependency;
			target = 290F6ECF27D7BC440091B91D /* PixabayApp */;
			targetProxy = 290F6EE727D7BC460091B91D /* PBXContainerItemProxy */;
		};
		290F6EF227D7BC460091B91D /* PBXTargetDependency */ = {
			isa = PBXTargetDependency;
			target = 290F6ECF27D7BC440091B91D /* PixabayApp */;
			targetProxy = 290F6EF127D7BC460091B91D /* PBXContainerItemProxy */;
		};
/* End PBXTargetDependency section */

/* Begin PBXVariantGroup section */
		290F6ED927D7BC440091B91D /* Main.storyboard */ = {
			isa = PBXVariantGroup;
			children = (
				290F6EDA27D7BC440091B91D /* Base */,
			);
			name = Main.storyboard;
			sourceTree = "<group>";
		};
		290F6EDE27D7BC460091B91D /* LaunchScreen.storyboard */ = {
			isa = PBXVariantGroup;
			children = (
				290F6EDF27D7BC460091B91D /* Base */,
			);
			name = LaunchScreen.storyboard;
			sourceTree = "<group>";
		};
/* End PBXVariantGroup section */

/* Begin XCBuildConfiguration section */
		290F6EF827D7BC460091B91D /* Debug */ = {
			isa = XCBuildConfiguration;
			buildSettings = {
				ALWAYS_SEARCH_USER_PATHS = NO;
				CLANG_ANALYZER_NONNULL = YES;
				CLANG_ANALYZER_NUMBER_OBJECT_CONVERSION = YES_AGGRESSIVE;
				CLANG_CXX_LANGUAGE_STANDARD = "gnu++17";
				CLANG_CXX_LIBRARY = "libc++";
				CLANG_ENABLE_MODULES = YES;
				CLANG_ENABLE_OBJC_ARC = YES;
				CLANG_ENABLE_OBJC_WEAK = YES;
				CLANG_WARN_BLOCK_CAPTURE_AUTORELEASING = YES;
				CLANG_WARN_BOOL_CONVERSION = YES;
				CLANG_WARN_COMMA = YES;
				CLANG_WARN_CONSTANT_CONVERSION = YES;
				CLANG_WARN_DEPRECATED_OBJC_IMPLEMENTATIONS = YES;
				CLANG_WARN_DIRECT_OBJC_ISA_USAGE = YES_ERROR;
				CLANG_WARN_DOCUMENTATION_COMMENTS = YES;
				CLANG_WARN_EMPTY_BODY = YES;
				CLANG_WARN_ENUM_CONVERSION = YES;
				CLANG_WARN_INFINITE_RECURSION = YES;
				CLANG_WARN_INT_CONVERSION = YES;
				CLANG_WARN_NON_LITERAL_NULL_CONVERSION = YES;
				CLANG_WARN_OBJC_IMPLICIT_RETAIN_SELF = YES;
				CLANG_WARN_OBJC_LITERAL_CONVERSION = YES;
				CLANG_WARN_OBJC_ROOT_CLASS = YES_ERROR;
				CLANG_WARN_QUOTED_INCLUDE_IN_FRAMEWORK_HEADER = YES;
				CLANG_WARN_RANGE_LOOP_ANALYSIS = YES;
				CLANG_WARN_STRICT_PROTOTYPES = YES;
				CLANG_WARN_SUSPICIOUS_MOVE = YES;
				CLANG_WARN_UNGUARDED_AVAILABILITY = YES_AGGRESSIVE;
				CLANG_WARN_UNREACHABLE_CODE = YES;
				CLANG_WARN__DUPLICATE_METHOD_MATCH = YES;
				COPY_PHASE_STRIP = NO;
				DEBUG_INFORMATION_FORMAT = dwarf;
				ENABLE_STRICT_OBJC_MSGSEND = YES;
				ENABLE_TESTABILITY = YES;
				GCC_C_LANGUAGE_STANDARD = gnu11;
				GCC_DYNAMIC_NO_PIC = NO;
				GCC_NO_COMMON_BLOCKS = YES;
				GCC_OPTIMIZATION_LEVEL = 0;
				GCC_PREPROCESSOR_DEFINITIONS = (
					"DEBUG=1",
					"$(inherited)",
				);
				GCC_WARN_64_TO_32_BIT_CONVERSION = YES;
				GCC_WARN_ABOUT_RETURN_TYPE = YES_ERROR;
				GCC_WARN_UNDECLARED_SELECTOR = YES;
				GCC_WARN_UNINITIALIZED_AUTOS = YES_AGGRESSIVE;
				GCC_WARN_UNUSED_FUNCTION = YES;
				GCC_WARN_UNUSED_VARIABLE = YES;
				IPHONEOS_DEPLOYMENT_TARGET = 15.2;
				MTL_ENABLE_DEBUG_INFO = INCLUDE_SOURCE;
				MTL_FAST_MATH = YES;
				ONLY_ACTIVE_ARCH = YES;
				SDKROOT = iphoneos;
				SWIFT_ACTIVE_COMPILATION_CONDITIONS = DEBUG;
				SWIFT_OPTIMIZATION_LEVEL = "-Onone";
			};
			name = Debug;
		};
		290F6EF927D7BC460091B91D /* Release */ = {
			isa = XCBuildConfiguration;
			buildSettings = {
				ALWAYS_SEARCH_USER_PATHS = NO;
				CLANG_ANALYZER_NONNULL = YES;
				CLANG_ANALYZER_NUMBER_OBJECT_CONVERSION = YES_AGGRESSIVE;
				CLANG_CXX_LANGUAGE_STANDARD = "gnu++17";
				CLANG_CXX_LIBRARY = "libc++";
				CLANG_ENABLE_MODULES = YES;
				CLANG_ENABLE_OBJC_ARC = YES;
				CLANG_ENABLE_OBJC_WEAK = YES;
				CLANG_WARN_BLOCK_CAPTURE_AUTORELEASING = YES;
				CLANG_WARN_BOOL_CONVERSION = YES;
				CLANG_WARN_COMMA = YES;
				CLANG_WARN_CONSTANT_CONVERSION = YES;
				CLANG_WARN_DEPRECATED_OBJC_IMPLEMENTATIONS = YES;
				CLANG_WARN_DIRECT_OBJC_ISA_USAGE = YES_ERROR;
				CLANG_WARN_DOCUMENTATION_COMMENTS = YES;
				CLANG_WARN_EMPTY_BODY = YES;
				CLANG_WARN_ENUM_CONVERSION = YES;
				CLANG_WARN_INFINITE_RECURSION = YES;
				CLANG_WARN_INT_CONVERSION = YES;
				CLANG_WARN_NON_LITERAL_NULL_CONVERSION = YES;
				CLANG_WARN_OBJC_IMPLICIT_RETAIN_SELF = YES;
				CLANG_WARN_OBJC_LITERAL_CONVERSION = YES;
				CLANG_WARN_OBJC_ROOT_CLASS = YES_ERROR;
				CLANG_WARN_QUOTED_INCLUDE_IN_FRAMEWORK_HEADER = YES;
				CLANG_WARN_RANGE_LOOP_ANALYSIS = YES;
				CLANG_WARN_STRICT_PROTOTYPES = YES;
				CLANG_WARN_SUSPICIOUS_MOVE = YES;
				CLANG_WARN_UNGUARDED_AVAILABILITY = YES_AGGRESSIVE;
				CLANG_WARN_UNREACHABLE_CODE = YES;
				CLANG_WARN__DUPLICATE_METHOD_MATCH = YES;
				COPY_PHASE_STRIP = NO;
				DEBUG_INFORMATION_FORMAT = "dwarf-with-dsym";
				ENABLE_NS_ASSERTIONS = NO;
				ENABLE_STRICT_OBJC_MSGSEND = YES;
				GCC_C_LANGUAGE_STANDARD = gnu11;
				GCC_NO_COMMON_BLOCKS = YES;
				GCC_WARN_64_TO_32_BIT_CONVERSION = YES;
				GCC_WARN_ABOUT_RETURN_TYPE = YES_ERROR;
				GCC_WARN_UNDECLARED_SELECTOR = YES;
				GCC_WARN_UNINITIALIZED_AUTOS = YES_AGGRESSIVE;
				GCC_WARN_UNUSED_FUNCTION = YES;
				GCC_WARN_UNUSED_VARIABLE = YES;
				IPHONEOS_DEPLOYMENT_TARGET = 15.2;
				MTL_ENABLE_DEBUG_INFO = NO;
				MTL_FAST_MATH = YES;
				SDKROOT = iphoneos;
				SWIFT_COMPILATION_MODE = wholemodule;
				SWIFT_OPTIMIZATION_LEVEL = "-O";
				VALIDATE_PRODUCT = YES;
			};
			name = Release;
		};
		290F6EFB27D7BC460091B91D /* Debug */ = {
			isa = XCBuildConfiguration;
			buildSettings = {
				ASSETCATALOG_COMPILER_APPICON_NAME = AppIcon;
				ASSETCATALOG_COMPILER_GLOBAL_ACCENT_COLOR_NAME = AccentColor;
				CODE_SIGN_STYLE = Automatic;
				CURRENT_PROJECT_VERSION = 1;
				GENERATE_INFOPLIST_FILE = YES;
				INFOPLIST_FILE = PixabayApp/Info.plist;
				INFOPLIST_KEY_UIApplicationSupportsIndirectInputEvents = YES;
				INFOPLIST_KEY_UILaunchStoryboardName = LaunchScreen;
				INFOPLIST_KEY_UIMainStoryboardFile = Main;
				INFOPLIST_KEY_UISupportedInterfaceOrientations_iPad = "UIInterfaceOrientationPortrait UIInterfaceOrientationPortraitUpsideDown UIInterfaceOrientationLandscapeLeft UIInterfaceOrientationLandscapeRight";
				INFOPLIST_KEY_UISupportedInterfaceOrientations_iPhone = "UIInterfaceOrientationPortrait UIInterfaceOrientationLandscapeLeft UIInterfaceOrientationLandscapeRight";
				LD_RUNPATH_SEARCH_PATHS = (
					"$(inherited)",
					"@executable_path/Frameworks",
				);
				MARKETING_VERSION = 1.0;
				PRODUCT_BUNDLE_IDENTIFIER = com.momin.PixabayApp;
				PRODUCT_NAME = "$(TARGET_NAME)";
				SWIFT_EMIT_LOC_STRINGS = YES;
				SWIFT_VERSION = 5.0;
				TARGETED_DEVICE_FAMILY = "1,2";
			};
			name = Debug;
		};
		290F6EFC27D7BC460091B91D /* Release */ = {
			isa = XCBuildConfiguration;
			buildSettings = {
				ASSETCATALOG_COMPILER_APPICON_NAME = AppIcon;
				ASSETCATALOG_COMPILER_GLOBAL_ACCENT_COLOR_NAME = AccentColor;
				CODE_SIGN_STYLE = Automatic;
				CURRENT_PROJECT_VERSION = 1;
				GENERATE_INFOPLIST_FILE = YES;
				INFOPLIST_FILE = PixabayApp/Info.plist;
				INFOPLIST_KEY_UIApplicationSupportsIndirectInputEvents = YES;
				INFOPLIST_KEY_UILaunchStoryboardName = LaunchScreen;
				INFOPLIST_KEY_UIMainStoryboardFile = Main;
				INFOPLIST_KEY_UISupportedInterfaceOrientations_iPad = "UIInterfaceOrientationPortrait UIInterfaceOrientationPortraitUpsideDown UIInterfaceOrientationLandscapeLeft UIInterfaceOrientationLandscapeRight";
				INFOPLIST_KEY_UISupportedInterfaceOrientations_iPhone = "UIInterfaceOrientationPortrait UIInterfaceOrientationLandscapeLeft UIInterfaceOrientationLandscapeRight";
				LD_RUNPATH_SEARCH_PATHS = (
					"$(inherited)",
					"@executable_path/Frameworks",
				);
				MARKETING_VERSION = 1.0;
				PRODUCT_BUNDLE_IDENTIFIER = com.momin.PixabayApp;
				PRODUCT_NAME = "$(TARGET_NAME)";
				SWIFT_EMIT_LOC_STRINGS = YES;
				SWIFT_VERSION = 5.0;
				TARGETED_DEVICE_FAMILY = "1,2";
			};
			name = Release;
		};
		290F6EFE27D7BC460091B91D /* Debug */ = {
			isa = XCBuildConfiguration;
			buildSettings = {
				ALWAYS_EMBED_SWIFT_STANDARD_LIBRARIES = YES;
				BUNDLE_LOADER = "$(TEST_HOST)";
				CODE_SIGN_STYLE = Automatic;
				CURRENT_PROJECT_VERSION = 1;
				GENERATE_INFOPLIST_FILE = YES;
				IPHONEOS_DEPLOYMENT_TARGET = 15.2;
				MARKETING_VERSION = 1.0;
				PRODUCT_BUNDLE_IDENTIFIER = com.momin.PixabayAppTests;
				PRODUCT_NAME = "$(TARGET_NAME)";
				SWIFT_EMIT_LOC_STRINGS = NO;
				SWIFT_VERSION = 5.0;
				TARGETED_DEVICE_FAMILY = "1,2";
				TEST_HOST = "$(BUILT_PRODUCTS_DIR)/PixabayApp.app/PixabayApp";
			};
			name = Debug;
		};
		290F6EFF27D7BC460091B91D /* Release */ = {
			isa = XCBuildConfiguration;
			buildSettings = {
				ALWAYS_EMBED_SWIFT_STANDARD_LIBRARIES = YES;
				BUNDLE_LOADER = "$(TEST_HOST)";
				CODE_SIGN_STYLE = Automatic;
				CURRENT_PROJECT_VERSION = 1;
				GENERATE_INFOPLIST_FILE = YES;
				IPHONEOS_DEPLOYMENT_TARGET = 15.2;
				MARKETING_VERSION = 1.0;
				PRODUCT_BUNDLE_IDENTIFIER = com.momin.PixabayAppTests;
				PRODUCT_NAME = "$(TARGET_NAME)";
				SWIFT_EMIT_LOC_STRINGS = NO;
				SWIFT_VERSION = 5.0;
				TARGETED_DEVICE_FAMILY = "1,2";
				TEST_HOST = "$(BUILT_PRODUCTS_DIR)/PixabayApp.app/PixabayApp";
			};
			name = Release;
		};
		290F6F0127D7BC460091B91D /* Debug */ = {
			isa = XCBuildConfiguration;
			buildSettings = {
				ALWAYS_EMBED_SWIFT_STANDARD_LIBRARIES = YES;
				CODE_SIGN_STYLE = Automatic;
				CURRENT_PROJECT_VERSION = 1;
				GENERATE_INFOPLIST_FILE = YES;
				MARKETING_VERSION = 1.0;
				PRODUCT_BUNDLE_IDENTIFIER = com.momin.PixabayAppUITests;
				PRODUCT_NAME = "$(TARGET_NAME)";
				SWIFT_EMIT_LOC_STRINGS = NO;
				SWIFT_VERSION = 5.0;
				TARGETED_DEVICE_FAMILY = "1,2";
				TEST_TARGET_NAME = PixabayApp;
			};
			name = Debug;
		};
		290F6F0227D7BC460091B91D /* Release */ = {
			isa = XCBuildConfiguration;
			buildSettings = {
				ALWAYS_EMBED_SWIFT_STANDARD_LIBRARIES = YES;
				CODE_SIGN_STYLE = Automatic;
				CURRENT_PROJECT_VERSION = 1;
				GENERATE_INFOPLIST_FILE = YES;
				MARKETING_VERSION = 1.0;
				PRODUCT_BUNDLE_IDENTIFIER = com.momin.PixabayAppUITests;
				PRODUCT_NAME = "$(TARGET_NAME)";
				SWIFT_EMIT_LOC_STRINGS = NO;
				SWIFT_VERSION = 5.0;
				TARGETED_DEVICE_FAMILY = "1,2";
				TEST_TARGET_NAME = PixabayApp;
			};
			name = Release;
		};
/* End XCBuildConfiguration section */

/* Begin XCConfigurationList section */
		290F6ECB27D7BC440091B91D /* Build configuration list for PBXProject "PixabayApp" */ = {
			isa = XCConfigurationList;
			buildConfigurations = (
				290F6EF827D7BC460091B91D /* Debug */,
				290F6EF927D7BC460091B91D /* Release */,
			);
			defaultConfigurationIsVisible = 0;
			defaultConfigurationName = Release;
		};
		290F6EFA27D7BC460091B91D /* Build configuration list for PBXNativeTarget "PixabayApp" */ = {
			isa = XCConfigurationList;
			buildConfigurations = (
				290F6EFB27D7BC460091B91D /* Debug */,
				290F6EFC27D7BC460091B91D /* Release */,
			);
			defaultConfigurationIsVisible = 0;
			defaultConfigurationName = Release;
		};
		290F6EFD27D7BC460091B91D /* Build configuration list for PBXNativeTarget "PixabayAppTests" */ = {
			isa = XCConfigurationList;
			buildConfigurations = (
				290F6EFE27D7BC460091B91D /* Debug */,
				290F6EFF27D7BC460091B91D /* Release */,
			);
			defaultConfigurationIsVisible = 0;
			defaultConfigurationName = Release;
		};
		290F6F0027D7BC460091B91D /* Build configuration list for PBXNativeTarget "PixabayAppUITests" */ = {
			isa = XCConfigurationList;
			buildConfigurations = (
				290F6F0127D7BC460091B91D /* Debug */,
				290F6F0227D7BC460091B91D /* Release */,
			);
			defaultConfigurationIsVisible = 0;
			defaultConfigurationName = Release;
		};
/* End XCConfigurationList section */
	};
	rootObject = 290F6EC827D7BC440091B91D /* Project object */;
}
